
Microsoft Visual Studio Solution File, Format Version 12.00
# Visual Studio Version 17
VisualStudioVersion = 17.2.32505.173
MinimumVisualStudioVersion = 10.0.40219.1
Project("{2150E333-8FDC-42A3-9474-1A3956D46DE8}") = "lab2", "lab2", "{0DDC6EE6-FED7-473E-852D-020C87006F08}"
EndProject
Project("{2150E333-8FDC-42A3-9474-1A3956D46DE8}") = "lab1", "lab1", "{B443CDFD-ED6C-4BEA-A722-18FF9EED4C60}"
EndProject
Project("{2150E333-8FDC-42A3-9474-1A3956D46DE8}") = "lab3", "lab3", "{36E862AC-C19A-4A6A-AC78-C4ABE5BDA37B}"
EndProject
Project("{2150E333-8FDC-42A3-9474-1A3956D46DE8}") = "lab4", "lab4", "{29FD9505-7017-4A21-A483-A72C0D511464}"
EndProject
Project("{2150E333-8FDC-42A3-9474-1A3956D46DE8}") = "lab5", "lab5", "{288DA74D-AC39-4FE3-BD8C-2AEAF3894F04}"
EndProject
Project("{2150E333-8FDC-42A3-9474-1A3956D46DE8}") = "lab6", "lab6", "{B178EE07-C482-41AF-8EA5-E6CAF0F2B996}"
EndProject
Project("{2150E333-8FDC-42A3-9474-1A3956D46DE8}") = "lab7", "lab7", "{C808BC97-6A40-4ECC-A18A-F6F4DFF8EB98}"
EndProject
Project("{8BC9CEB8-8B4A-11D0-8D11-00A0C91BC942}") = "ex1", "lab1\ex1\ex1.vcxproj", "{D8079285-82C7-4F8B-9F6E-411630286010}"
EndProject
Project("{8BC9CEB8-8B4A-11D0-8D11-00A0C91BC942}") = "ex2", "lab1\ex2\ex2.vcxproj", "{248E8120-D218-4F73-BD94-5896332AF958}"
EndProject
Project("{8BC9CEB8-8B4A-11D0-8D11-00A0C91BC942}") = "ex3", "lab1\ex3\ex3.vcxproj", "{D46699B8-E223-4B79-90D7-6B7C88068836}"
EndProject
Project("{8BC9CEB8-8B4A-11D0-8D11-00A0C91BC942}") = "ex1", "lab2\ex1\ex1.vcxproj", "{C3ABBF8B-E33F-4AD6-9A4F-E0B54129DBDC}"
EndProject
Project("{8BC9CEB8-8B4A-11D0-8D11-00A0C91BC942}") = "ex2", "lab2\ex2\ex2.vcxproj", "{40A4F9E6-9B2A-4CBF-A90C-4132DFE60053}"
EndProject
Project("{8BC9CEB8-8B4A-11D0-8D11-00A0C91BC942}") = "ex3", "lab2\ex3\ex3.vcxproj", "{21708343-412C-4442-ADCE-C42F4C611CFE}"
EndProject
Project("{8BC9CEB8-8B4A-11D0-8D11-00A0C91BC942}") = "ex4", "lab2\ex4\ex4.vcxproj", "{B682C848-DFF1-4478-83C6-7CCABF627575}"
EndProject
Project("{8BC9CEB8-8B4A-11D0-8D11-00A0C91BC942}") = "ex1", "lab3\ex1\ex1.vcxproj", "{8BFED743-C259-4419-9EAD-A877A4AFE12B}"
EndProject
Project("{8BC9CEB8-8B4A-11D0-8D11-00A0C91BC942}") = "ex2", "lab3\ex2\ex2.vcxproj", "{AF21BBF3-8302-4AF9-8D75-817717979488}"
EndProject
Project("{8BC9CEB8-8B4A-11D0-8D11-00A0C91BC942}") = "ex3", "lab3\ex3\ex3.vcxproj", "{734637BE-AEB1-42E7-829D-359D0F1FD98B}"
EndProject
Project("{8BC9CEB8-8B4A-11D0-8D11-00A0C91BC942}") = "ex4", "lab3\ex4\ex4.vcxproj", "{4E49AD2A-344A-4599-AE54-B55A811457A2}"
EndProject
Project("{8BC9CEB8-8B4A-11D0-8D11-00A0C91BC942}") = "ex5", "lab3\ex5\ex5.vcxproj", "{8B0CCDF0-9C2B-4074-9706-4F26D91E22F7}"
EndProject
Project("{8BC9CEB8-8B4A-11D0-8D11-00A0C91BC942}") = "ex6", "lab3\ex6\ex6.vcxproj", "{AE7D336D-DB28-42BA-BC5F-D7BE23CAAF50}"
EndProject
Project("{8BC9CEB8-8B4A-11D0-8D11-00A0C91BC942}") = "ex1", "lab4\ex1\ex1.vcxproj", "{11F66551-A235-4362-9455-261FF32EA603}"
EndProject
Project("{8BC9CEB8-8B4A-11D0-8D11-00A0C91BC942}") = "ex2", "lab4\ex2\ex2.vcxproj", "{16D93AD8-524D-4698-B350-C55D56DC0296}"
EndProject
Project("{8BC9CEB8-8B4A-11D0-8D11-00A0C91BC942}") = "ex3", "lab4\ex3\ex3.vcxproj", "{7962354D-4F54-4DE8-B78D-F6182DE125BD}"
EndProject
Project("{8BC9CEB8-8B4A-11D0-8D11-00A0C91BC942}") = "ex0", "lab5\ex0\ex0.vcxproj", "{BA70CC1C-E9FC-4E32-8D39-33FB0A095023}"
EndProject
Project("{8BC9CEB8-8B4A-11D0-8D11-00A0C91BC942}") = "ex1", "lab5\ex1\ex1.vcxproj", "{B06ED250-5E89-4144-BD0A-E2A47E781D92}"
EndProject
Project("{8BC9CEB8-8B4A-11D0-8D11-00A0C91BC942}") = "ex2", "lab5\ex2\ex2.vcxproj", "{C5679884-6AB3-4BBC-AB2E-081A5933E9EB}"
EndProject
Project("{8BC9CEB8-8B4A-11D0-8D11-00A0C91BC942}") = "ex3", "lab5\ex3\ex3.vcxproj", "{D9EDA0B5-2F24-44FC-8958-3C90F0A3ADD9}"
EndProject
Project("{8BC9CEB8-8B4A-11D0-8D11-00A0C91BC942}") = "ex4", "lab5\ex4\ex4.vcxproj", "{E89A00FF-4861-4C4F-9BC5-D2BF4DBA15AB}"
EndProject
Project("{8BC9CEB8-8B4A-11D0-8D11-00A0C91BC942}") = "ex5", "lab5\ex5\ex5.vcxproj", "{8B52105B-C6AF-4709-AA01-09E6BBF6A715}"
EndProject
Project("{8BC9CEB8-8B4A-11D0-8D11-00A0C91BC942}") = "ex6", "lab5\ex6\ex6.vcxproj", "{7C952C32-E58A-40DE-9F78-CF8504BE8D86}"
EndProject
Project("{8BC9CEB8-8B4A-11D0-8D11-00A0C91BC942}") = "ex7", "lab5\ex7\ex7.vcxproj", "{CB3F8696-2458-45BB-AE08-38B30907BC39}"
EndProject
Project("{8BC9CEB8-8B4A-11D0-8D11-00A0C91BC942}") = "ex8", "lab5\ex8\ex8.vcxproj", "{95D19068-D04A-4ABC-B6D6-E88B96E3D328}"
EndProject
Project("{8BC9CEB8-8B4A-11D0-8D11-00A0C91BC942}") = "ex1", "lab6\ex1\ex1.vcxproj", "{26D43D66-173B-4CDD-AAD8-C9494D0EE5AD}"
EndProject
Project("{8BC9CEB8-8B4A-11D0-8D11-00A0C91BC942}") = "ex2", "lab6\ex2\ex2.vcxproj", "{004FBFD6-67B1-4643-A1AD-4E2B3917FA3C}"
EndProject
Project("{8BC9CEB8-8B4A-11D0-8D11-00A0C91BC942}") = "ex3.1", "lab6\ex3.1\ex3.1.vcxproj", "{30925898-9CD2-4A49-88C1-743E5A28D184}"
EndProject
Project("{8BC9CEB8-8B4A-11D0-8D11-00A0C91BC942}") = "ex3.2", "lab6\ex3.2\ex3.2.vcxproj", "{F7EE00F2-54E5-49FB-A419-3F85C4160422}"
EndProject
Project("{8BC9CEB8-8B4A-11D0-8D11-00A0C91BC942}") = "ex4", "lab6\ex4\ex4.vcxproj", "{983E823C-9F83-409E-8C22-ED1A5ABBAF16}"
EndProject
Project("{8BC9CEB8-8B4A-11D0-8D11-00A0C91BC942}") = "ex5.1", "lab6\ex5.1\ex5.1.vcxproj", "{18950C51-0046-435D-80C5-E7061515D9E8}"
EndProject
Project("{8BC9CEB8-8B4A-11D0-8D11-00A0C91BC942}") = "ex5.2", "lab6\ex5.2\ex5.2.vcxproj", "{7BB70E29-AFDF-43DB-9B95-E427F5FD5BD3}"
EndProject
Project("{8BC9CEB8-8B4A-11D0-8D11-00A0C91BC942}") = "ex6", "lab6\ex6\ex6.vcxproj", "{A857CBA9-EC76-4B0F-BE70-F974A2704419}"
EndProject
Project("{8BC9CEB8-8B4A-11D0-8D11-00A0C91BC942}") = "ex1", "lab7\ex1\ex1.vcxproj", "{3EFE2F57-08DB-49DB-AEFA-EB831D5897CE}"
EndProject
Project("{8BC9CEB8-8B4A-11D0-8D11-00A0C91BC942}") = "ex2", "lab7\ex2\ex2.vcxproj", "{34110422-AA38-42D5-A9C9-68DD85F91C11}"
EndProject
Project("{8BC9CEB8-8B4A-11D0-8D11-00A0C91BC942}") = "ex3", "lab7\ex3\ex3.vcxproj", "{7977B7FC-D5CF-4667-9268-C532F208B907}"
EndProject
Global
	GlobalSection(SolutionConfigurationPlatforms) = preSolution
		Debug|x64 = Debug|x64
		Debug|x86 = Debug|x86
		Release|x64 = Release|x64
		Release|x86 = Release|x86
	EndGlobalSection
	GlobalSection(ProjectConfigurationPlatforms) = postSolution
		{D8079285-82C7-4F8B-9F6E-411630286010}.Debug|x64.ActiveCfg = Debug|x64
		{D8079285-82C7-4F8B-9F6E-411630286010}.Debug|x64.Build.0 = Debug|x64
		{D8079285-82C7-4F8B-9F6E-411630286010}.Debug|x86.ActiveCfg = Debug|Win32
		{D8079285-82C7-4F8B-9F6E-411630286010}.Debug|x86.Build.0 = Debug|Win32
		{D8079285-82C7-4F8B-9F6E-411630286010}.Release|x64.ActiveCfg = Release|x64
		{D8079285-82C7-4F8B-9F6E-411630286010}.Release|x64.Build.0 = Release|x64
		{D8079285-82C7-4F8B-9F6E-411630286010}.Release|x86.ActiveCfg = Release|Win32
		{D8079285-82C7-4F8B-9F6E-411630286010}.Release|x86.Build.0 = Release|Win32
		{248E8120-D218-4F73-BD94-5896332AF958}.Debug|x64.ActiveCfg = Debug|x64
		{248E8120-D218-4F73-BD94-5896332AF958}.Debug|x64.Build.0 = Debug|x64
		{248E8120-D218-4F73-BD94-5896332AF958}.Debug|x86.ActiveCfg = Debug|Win32
		{248E8120-D218-4F73-BD94-5896332AF958}.Debug|x86.Build.0 = Debug|Win32
		{248E8120-D218-4F73-BD94-5896332AF958}.Release|x64.ActiveCfg = Release|x64
		{248E8120-D218-4F73-BD94-5896332AF958}.Release|x64.Build.0 = Release|x64
		{248E8120-D218-4F73-BD94-5896332AF958}.Release|x86.ActiveCfg = Release|Win32
		{248E8120-D218-4F73-BD94-5896332AF958}.Release|x86.Build.0 = Release|Win32
		{D46699B8-E223-4B79-90D7-6B7C88068836}.Debug|x64.ActiveCfg = Debug|x64
		{D46699B8-E223-4B79-90D7-6B7C88068836}.Debug|x64.Build.0 = Debug|x64
		{D46699B8-E223-4B79-90D7-6B7C88068836}.Debug|x86.ActiveCfg = Debug|Win32
		{D46699B8-E223-4B79-90D7-6B7C88068836}.Debug|x86.Build.0 = Debug|Win32
		{D46699B8-E223-4B79-90D7-6B7C88068836}.Release|x64.ActiveCfg = Release|x64
		{D46699B8-E223-4B79-90D7-6B7C88068836}.Release|x64.Build.0 = Release|x64
		{D46699B8-E223-4B79-90D7-6B7C88068836}.Release|x86.ActiveCfg = Release|Win32
		{D46699B8-E223-4B79-90D7-6B7C88068836}.Release|x86.Build.0 = Release|Win32
		{C3ABBF8B-E33F-4AD6-9A4F-E0B54129DBDC}.Debug|x64.ActiveCfg = Debug|x64
		{C3ABBF8B-E33F-4AD6-9A4F-E0B54129DBDC}.Debug|x64.Build.0 = Debug|x64
		{C3ABBF8B-E33F-4AD6-9A4F-E0B54129DBDC}.Debug|x86.ActiveCfg = Debug|Win32
		{C3ABBF8B-E33F-4AD6-9A4F-E0B54129DBDC}.Debug|x86.Build.0 = Debug|Win32
		{C3ABBF8B-E33F-4AD6-9A4F-E0B54129DBDC}.Release|x64.ActiveCfg = Release|x64
		{C3ABBF8B-E33F-4AD6-9A4F-E0B54129DBDC}.Release|x64.Build.0 = Release|x64
		{C3ABBF8B-E33F-4AD6-9A4F-E0B54129DBDC}.Release|x86.ActiveCfg = Release|Win32
		{C3ABBF8B-E33F-4AD6-9A4F-E0B54129DBDC}.Release|x86.Build.0 = Release|Win32
		{40A4F9E6-9B2A-4CBF-A90C-4132DFE60053}.Debug|x64.ActiveCfg = Debug|x64
		{40A4F9E6-9B2A-4CBF-A90C-4132DFE60053}.Debug|x64.Build.0 = Debug|x64
		{40A4F9E6-9B2A-4CBF-A90C-4132DFE60053}.Debug|x86.ActiveCfg = Debug|Win32
		{40A4F9E6-9B2A-4CBF-A90C-4132DFE60053}.Debug|x86.Build.0 = Debug|Win32
		{40A4F9E6-9B2A-4CBF-A90C-4132DFE60053}.Release|x64.ActiveCfg = Release|x64
		{40A4F9E6-9B2A-4CBF-A90C-4132DFE60053}.Release|x64.Build.0 = Release|x64
		{40A4F9E6-9B2A-4CBF-A90C-4132DFE60053}.Release|x86.ActiveCfg = Release|Win32
		{40A4F9E6-9B2A-4CBF-A90C-4132DFE60053}.Release|x86.Build.0 = Release|Win32
		{21708343-412C-4442-ADCE-C42F4C611CFE}.Debug|x64.ActiveCfg = Debug|x64
		{21708343-412C-4442-ADCE-C42F4C611CFE}.Debug|x64.Build.0 = Debug|x64
		{21708343-412C-4442-ADCE-C42F4C611CFE}.Debug|x86.ActiveCfg = Debug|Win32
		{21708343-412C-4442-ADCE-C42F4C611CFE}.Debug|x86.Build.0 = Debug|Win32
		{21708343-412C-4442-ADCE-C42F4C611CFE}.Release|x64.ActiveCfg = Release|x64
		{21708343-412C-4442-ADCE-C42F4C611CFE}.Release|x64.Build.0 = Release|x64
		{21708343-412C-4442-ADCE-C42F4C611CFE}.Release|x86.ActiveCfg = Release|Win32
		{21708343-412C-4442-ADCE-C42F4C611CFE}.Release|x86.Build.0 = Release|Win32
		{B682C848-DFF1-4478-83C6-7CCABF627575}.Debug|x64.ActiveCfg = Debug|x64
		{B682C848-DFF1-4478-83C6-7CCABF627575}.Debug|x64.Build.0 = Debug|x64
		{B682C848-DFF1-4478-83C6-7CCABF627575}.Debug|x86.ActiveCfg = Debug|Win32
		{B682C848-DFF1-4478-83C6-7CCABF627575}.Debug|x86.Build.0 = Debug|Win32
		{B682C848-DFF1-4478-83C6-7CCABF627575}.Release|x64.ActiveCfg = Release|x64
		{B682C848-DFF1-4478-83C6-7CCABF627575}.Release|x64.Build.0 = Release|x64
		{B682C848-DFF1-4478-83C6-7CCABF627575}.Release|x86.ActiveCfg = Release|Win32
		{B682C848-DFF1-4478-83C6-7CCABF627575}.Release|x86.Build.0 = Release|Win32
		{8BFED743-C259-4419-9EAD-A877A4AFE12B}.Debug|x64.ActiveCfg = Debug|x64
		{8BFED743-C259-4419-9EAD-A877A4AFE12B}.Debug|x64.Build.0 = Debug|x64
		{8BFED743-C259-4419-9EAD-A877A4AFE12B}.Debug|x86.ActiveCfg = Debug|Win32
		{8BFED743-C259-4419-9EAD-A877A4AFE12B}.Debug|x86.Build.0 = Debug|Win32
		{8BFED743-C259-4419-9EAD-A877A4AFE12B}.Release|x64.ActiveCfg = Release|x64
		{8BFED743-C259-4419-9EAD-A877A4AFE12B}.Release|x64.Build.0 = Release|x64
		{8BFED743-C259-4419-9EAD-A877A4AFE12B}.Release|x86.ActiveCfg = Release|Win32
		{8BFED743-C259-4419-9EAD-A877A4AFE12B}.Release|x86.Build.0 = Release|Win32
		{AF21BBF3-8302-4AF9-8D75-817717979488}.Debug|x64.ActiveCfg = Debug|x64
		{AF21BBF3-8302-4AF9-8D75-817717979488}.Debug|x64.Build.0 = Debug|x64
		{AF21BBF3-8302-4AF9-8D75-817717979488}.Debug|x86.ActiveCfg = Debug|Win32
		{AF21BBF3-8302-4AF9-8D75-817717979488}.Debug|x86.Build.0 = Debug|Win32
		{AF21BBF3-8302-4AF9-8D75-817717979488}.Release|x64.ActiveCfg = Release|x64
		{AF21BBF3-8302-4AF9-8D75-817717979488}.Release|x64.Build.0 = Release|x64
		{AF21BBF3-8302-4AF9-8D75-817717979488}.Release|x86.ActiveCfg = Release|Win32
		{AF21BBF3-8302-4AF9-8D75-817717979488}.Release|x86.Build.0 = Release|Win32
		{734637BE-AEB1-42E7-829D-359D0F1FD98B}.Debug|x64.ActiveCfg = Debug|x64
		{734637BE-AEB1-42E7-829D-359D0F1FD98B}.Debug|x64.Build.0 = Debug|x64
		{734637BE-AEB1-42E7-829D-359D0F1FD98B}.Debug|x86.ActiveCfg = Debug|Win32
		{734637BE-AEB1-42E7-829D-359D0F1FD98B}.Debug|x86.Build.0 = Debug|Win32
		{734637BE-AEB1-42E7-829D-359D0F1FD98B}.Release|x64.ActiveCfg = Release|x64
		{734637BE-AEB1-42E7-829D-359D0F1FD98B}.Release|x64.Build.0 = Release|x64
		{734637BE-AEB1-42E7-829D-359D0F1FD98B}.Release|x86.ActiveCfg = Release|Win32
		{734637BE-AEB1-42E7-829D-359D0F1FD98B}.Release|x86.Build.0 = Release|Win32
		{4E49AD2A-344A-4599-AE54-B55A811457A2}.Debug|x64.ActiveCfg = Debug|x64
		{4E49AD2A-344A-4599-AE54-B55A811457A2}.Debug|x64.Build.0 = Debug|x64
		{4E49AD2A-344A-4599-AE54-B55A811457A2}.Debug|x86.ActiveCfg = Debug|Win32
		{4E49AD2A-344A-4599-AE54-B55A811457A2}.Debug|x86.Build.0 = Debug|Win32
		{4E49AD2A-344A-4599-AE54-B55A811457A2}.Release|x64.ActiveCfg = Release|x64
		{4E49AD2A-344A-4599-AE54-B55A811457A2}.Release|x64.Build.0 = Release|x64
		{4E49AD2A-344A-4599-AE54-B55A811457A2}.Release|x86.ActiveCfg = Release|Win32
		{4E49AD2A-344A-4599-AE54-B55A811457A2}.Release|x86.Build.0 = Release|Win32
		{8B0CCDF0-9C2B-4074-9706-4F26D91E22F7}.Debug|x64.ActiveCfg = Debug|x64
		{8B0CCDF0-9C2B-4074-9706-4F26D91E22F7}.Debug|x64.Build.0 = Debug|x64
		{8B0CCDF0-9C2B-4074-9706-4F26D91E22F7}.Debug|x86.ActiveCfg = Debug|Win32
		{8B0CCDF0-9C2B-4074-9706-4F26D91E22F7}.Debug|x86.Build.0 = Debug|Win32
		{8B0CCDF0-9C2B-4074-9706-4F26D91E22F7}.Release|x64.ActiveCfg = Release|x64
		{8B0CCDF0-9C2B-4074-9706-4F26D91E22F7}.Release|x64.Build.0 = Release|x64
		{8B0CCDF0-9C2B-4074-9706-4F26D91E22F7}.Release|x86.ActiveCfg = Release|Win32
		{8B0CCDF0-9C2B-4074-9706-4F26D91E22F7}.Release|x86.Build.0 = Release|Win32
		{AE7D336D-DB28-42BA-BC5F-D7BE23CAAF50}.Debug|x64.ActiveCfg = Debug|x64
		{AE7D336D-DB28-42BA-BC5F-D7BE23CAAF50}.Debug|x64.Build.0 = Debug|x64
		{AE7D336D-DB28-42BA-BC5F-D7BE23CAAF50}.Debug|x86.ActiveCfg = Debug|Win32
		{AE7D336D-DB28-42BA-BC5F-D7BE23CAAF50}.Debug|x86.Build.0 = Debug|Win32
		{AE7D336D-DB28-42BA-BC5F-D7BE23CAAF50}.Release|x64.ActiveCfg = Release|x64
		{AE7D336D-DB28-42BA-BC5F-D7BE23CAAF50}.Release|x64.Build.0 = Release|x64
		{AE7D336D-DB28-42BA-BC5F-D7BE23CAAF50}.Release|x86.ActiveCfg = Release|Win32
		{AE7D336D-DB28-42BA-BC5F-D7BE23CAAF50}.Release|x86.Build.0 = Release|Win32
		{11F66551-A235-4362-9455-261FF32EA603}.Debug|x64.ActiveCfg = Debug|x64
		{11F66551-A235-4362-9455-261FF32EA603}.Debug|x64.Build.0 = Debug|x64
		{11F66551-A235-4362-9455-261FF32EA603}.Debug|x86.ActiveCfg = Debug|Win32
		{11F66551-A235-4362-9455-261FF32EA603}.Debug|x86.Build.0 = Debug|Win32
		{11F66551-A235-4362-9455-261FF32EA603}.Release|x64.ActiveCfg = Release|x64
		{11F66551-A235-4362-9455-261FF32EA603}.Release|x64.Build.0 = Release|x64
		{11F66551-A235-4362-9455-261FF32EA603}.Release|x86.ActiveCfg = Release|Win32
		{11F66551-A235-4362-9455-261FF32EA603}.Release|x86.Build.0 = Release|Win32
		{16D93AD8-524D-4698-B350-C55D56DC0296}.Debug|x64.ActiveCfg = Debug|x64
		{16D93AD8-524D-4698-B350-C55D56DC0296}.Debug|x64.Build.0 = Debug|x64
		{16D93AD8-524D-4698-B350-C55D56DC0296}.Debug|x86.ActiveCfg = Debug|Win32
		{16D93AD8-524D-4698-B350-C55D56DC0296}.Debug|x86.Build.0 = Debug|Win32
		{16D93AD8-524D-4698-B350-C55D56DC0296}.Release|x64.ActiveCfg = Release|x64
		{16D93AD8-524D-4698-B350-C55D56DC0296}.Release|x64.Build.0 = Release|x64
		{16D93AD8-524D-4698-B350-C55D56DC0296}.Release|x86.ActiveCfg = Release|Win32
		{16D93AD8-524D-4698-B350-C55D56DC0296}.Release|x86.Build.0 = Release|Win32
		{7962354D-4F54-4DE8-B78D-F6182DE125BD}.Debug|x64.ActiveCfg = Debug|x64
		{7962354D-4F54-4DE8-B78D-F6182DE125BD}.Debug|x64.Build.0 = Debug|x64
		{7962354D-4F54-4DE8-B78D-F6182DE125BD}.Debug|x86.ActiveCfg = Debug|Win32
		{7962354D-4F54-4DE8-B78D-F6182DE125BD}.Debug|x86.Build.0 = Debug|Win32
		{7962354D-4F54-4DE8-B78D-F6182DE125BD}.Release|x64.ActiveCfg = Release|x64
		{7962354D-4F54-4DE8-B78D-F6182DE125BD}.Release|x64.Build.0 = Release|x64
		{7962354D-4F54-4DE8-B78D-F6182DE125BD}.Release|x86.ActiveCfg = Release|Win32
		{7962354D-4F54-4DE8-B78D-F6182DE125BD}.Release|x86.Build.0 = Release|Win32
		{BA70CC1C-E9FC-4E32-8D39-33FB0A095023}.Debug|x64.ActiveCfg = Debug|x64
		{BA70CC1C-E9FC-4E32-8D39-33FB0A095023}.Debug|x64.Build.0 = Debug|x64
		{BA70CC1C-E9FC-4E32-8D39-33FB0A095023}.Debug|x86.ActiveCfg = Debug|Win32
		{BA70CC1C-E9FC-4E32-8D39-33FB0A095023}.Debug|x86.Build.0 = Debug|Win32
		{BA70CC1C-E9FC-4E32-8D39-33FB0A095023}.Release|x64.ActiveCfg = Release|x64
		{BA70CC1C-E9FC-4E32-8D39-33FB0A095023}.Release|x64.Build.0 = Release|x64
		{BA70CC1C-E9FC-4E32-8D39-33FB0A095023}.Release|x86.ActiveCfg = Release|Win32
		{BA70CC1C-E9FC-4E32-8D39-33FB0A095023}.Release|x86.Build.0 = Release|Win32
		{B06ED250-5E89-4144-BD0A-E2A47E781D92}.Debug|x64.ActiveCfg = Debug|x64
		{B06ED250-5E89-4144-BD0A-E2A47E781D92}.Debug|x64.Build.0 = Debug|x64
		{B06ED250-5E89-4144-BD0A-E2A47E781D92}.Debug|x86.ActiveCfg = Debug|Win32
		{B06ED250-5E89-4144-BD0A-E2A47E781D92}.Debug|x86.Build.0 = Debug|Win32
		{B06ED250-5E89-4144-BD0A-E2A47E781D92}.Release|x64.ActiveCfg = Release|x64
		{B06ED250-5E89-4144-BD0A-E2A47E781D92}.Release|x64.Build.0 = Release|x64
		{B06ED250-5E89-4144-BD0A-E2A47E781D92}.Release|x86.ActiveCfg = Release|Win32
		{B06ED250-5E89-4144-BD0A-E2A47E781D92}.Release|x86.Build.0 = Release|Win32
		{C5679884-6AB3-4BBC-AB2E-081A5933E9EB}.Debug|x64.ActiveCfg = Debug|x64
		{C5679884-6AB3-4BBC-AB2E-081A5933E9EB}.Debug|x64.Build.0 = Debug|x64
		{C5679884-6AB3-4BBC-AB2E-081A5933E9EB}.Debug|x86.ActiveCfg = Debug|Win32
		{C5679884-6AB3-4BBC-AB2E-081A5933E9EB}.Debug|x86.Build.0 = Debug|Win32
		{C5679884-6AB3-4BBC-AB2E-081A5933E9EB}.Release|x64.ActiveCfg = Release|x64
		{C5679884-6AB3-4BBC-AB2E-081A5933E9EB}.Release|x64.Build.0 = Release|x64
		{C5679884-6AB3-4BBC-AB2E-081A5933E9EB}.Release|x86.ActiveCfg = Release|Win32
		{C5679884-6AB3-4BBC-AB2E-081A5933E9EB}.Release|x86.Build.0 = Release|Win32
		{D9EDA0B5-2F24-44FC-8958-3C90F0A3ADD9}.Debug|x64.ActiveCfg = Debug|x64
		{D9EDA0B5-2F24-44FC-8958-3C90F0A3ADD9}.Debug|x64.Build.0 = Debug|x64
		{D9EDA0B5-2F24-44FC-8958-3C90F0A3ADD9}.Debug|x86.ActiveCfg = Debug|Win32
		{D9EDA0B5-2F24-44FC-8958-3C90F0A3ADD9}.Debug|x86.Build.0 = Debug|Win32
		{D9EDA0B5-2F24-44FC-8958-3C90F0A3ADD9}.Release|x64.ActiveCfg = Release|x64
		{D9EDA0B5-2F24-44FC-8958-3C90F0A3ADD9}.Release|x64.Build.0 = Release|x64
		{D9EDA0B5-2F24-44FC-8958-3C90F0A3ADD9}.Release|x86.ActiveCfg = Release|Win32
		{D9EDA0B5-2F24-44FC-8958-3C90F0A3ADD9}.Release|x86.Build.0 = Release|Win32
		{E89A00FF-4861-4C4F-9BC5-D2BF4DBA15AB}.Debug|x64.ActiveCfg = Debug|x64
		{E89A00FF-4861-4C4F-9BC5-D2BF4DBA15AB}.Debug|x64.Build.0 = Debug|x64
		{E89A00FF-4861-4C4F-9BC5-D2BF4DBA15AB}.Debug|x86.ActiveCfg = Debug|Win32
		{E89A00FF-4861-4C4F-9BC5-D2BF4DBA15AB}.Debug|x86.Build.0 = Debug|Win32
		{E89A00FF-4861-4C4F-9BC5-D2BF4DBA15AB}.Release|x64.ActiveCfg = Release|x64
		{E89A00FF-4861-4C4F-9BC5-D2BF4DBA15AB}.Release|x64.Build.0 = Release|x64
		{E89A00FF-4861-4C4F-9BC5-D2BF4DBA15AB}.Release|x86.ActiveCfg = Release|Win32
		{E89A00FF-4861-4C4F-9BC5-D2BF4DBA15AB}.Release|x86.Build.0 = Release|Win32
		{8B52105B-C6AF-4709-AA01-09E6BBF6A715}.Debug|x64.ActiveCfg = Debug|x64
		{8B52105B-C6AF-4709-AA01-09E6BBF6A715}.Debug|x64.Build.0 = Debug|x64
		{8B52105B-C6AF-4709-AA01-09E6BBF6A715}.Debug|x86.ActiveCfg = Debug|Win32
		{8B52105B-C6AF-4709-AA01-09E6BBF6A715}.Debug|x86.Build.0 = Debug|Win32
		{8B52105B-C6AF-4709-AA01-09E6BBF6A715}.Release|x64.ActiveCfg = Release|x64
		{8B52105B-C6AF-4709-AA01-09E6BBF6A715}.Release|x64.Build.0 = Release|x64
		{8B52105B-C6AF-4709-AA01-09E6BBF6A715}.Release|x86.ActiveCfg = Release|Win32
		{8B52105B-C6AF-4709-AA01-09E6BBF6A715}.Release|x86.Build.0 = Release|Win32
		{7C952C32-E58A-40DE-9F78-CF8504BE8D86}.Debug|x64.ActiveCfg = Debug|x64
		{7C952C32-E58A-40DE-9F78-CF8504BE8D86}.Debug|x64.Build.0 = Debug|x64
		{7C952C32-E58A-40DE-9F78-CF8504BE8D86}.Debug|x86.ActiveCfg = Debug|Win32
		{7C952C32-E58A-40DE-9F78-CF8504BE8D86}.Debug|x86.Build.0 = Debug|Win32
		{7C952C32-E58A-40DE-9F78-CF8504BE8D86}.Release|x64.ActiveCfg = Release|x64
		{7C952C32-E58A-40DE-9F78-CF8504BE8D86}.Release|x64.Build.0 = Release|x64
		{7C952C32-E58A-40DE-9F78-CF8504BE8D86}.Release|x86.ActiveCfg = Release|Win32
		{7C952C32-E58A-40DE-9F78-CF8504BE8D86}.Release|x86.Build.0 = Release|Win32
		{CB3F8696-2458-45BB-AE08-38B30907BC39}.Debug|x64.ActiveCfg = Debug|x64
		{CB3F8696-2458-45BB-AE08-38B30907BC39}.Debug|x64.Build.0 = Debug|x64
		{CB3F8696-2458-45BB-AE08-38B30907BC39}.Debug|x86.ActiveCfg = Debug|Win32
		{CB3F8696-2458-45BB-AE08-38B30907BC39}.Debug|x86.Build.0 = Debug|Win32
		{CB3F8696-2458-45BB-AE08-38B30907BC39}.Release|x64.ActiveCfg = Release|x64
		{CB3F8696-2458-45BB-AE08-38B30907BC39}.Release|x64.Build.0 = Release|x64
		{CB3F8696-2458-45BB-AE08-38B30907BC39}.Release|x86.ActiveCfg = Release|Win32
		{CB3F8696-2458-45BB-AE08-38B30907BC39}.Release|x86.Build.0 = Release|Win32
		{95D19068-D04A-4ABC-B6D6-E88B96E3D328}.Debug|x64.ActiveCfg = Debug|x64
		{95D19068-D04A-4ABC-B6D6-E88B96E3D328}.Debug|x64.Build.0 = Debug|x64
		{95D19068-D04A-4ABC-B6D6-E88B96E3D328}.Debug|x86.ActiveCfg = Debug|Win32
		{95D19068-D04A-4ABC-B6D6-E88B96E3D328}.Debug|x86.Build.0 = Debug|Win32
		{95D19068-D04A-4ABC-B6D6-E88B96E3D328}.Release|x64.ActiveCfg = Release|x64
		{95D19068-D04A-4ABC-B6D6-E88B96E3D328}.Release|x64.Build.0 = Release|x64
		{95D19068-D04A-4ABC-B6D6-E88B96E3D328}.Release|x86.ActiveCfg = Release|Win32
		{95D19068-D04A-4ABC-B6D6-E88B96E3D328}.Release|x86.Build.0 = Release|Win32
		{26D43D66-173B-4CDD-AAD8-C9494D0EE5AD}.Debug|x64.ActiveCfg = Debug|x64
		{26D43D66-173B-4CDD-AAD8-C9494D0EE5AD}.Debug|x64.Build.0 = Debug|x64
		{26D43D66-173B-4CDD-AAD8-C9494D0EE5AD}.Debug|x86.ActiveCfg = Debug|Win32
		{26D43D66-173B-4CDD-AAD8-C9494D0EE5AD}.Debug|x86.Build.0 = Debug|Win32
		{26D43D66-173B-4CDD-AAD8-C9494D0EE5AD}.Release|x64.ActiveCfg = Release|x64
		{26D43D66-173B-4CDD-AAD8-C9494D0EE5AD}.Release|x64.Build.0 = Release|x64
		{26D43D66-173B-4CDD-AAD8-C9494D0EE5AD}.Release|x86.ActiveCfg = Release|Win32
		{26D43D66-173B-4CDD-AAD8-C9494D0EE5AD}.Release|x86.Build.0 = Release|Win32
		{004FBFD6-67B1-4643-A1AD-4E2B3917FA3C}.Debug|x64.ActiveCfg = Debug|x64
		{004FBFD6-67B1-4643-A1AD-4E2B3917FA3C}.Debug|x64.Build.0 = Debug|x64
		{004FBFD6-67B1-4643-A1AD-4E2B3917FA3C}.Debug|x86.ActiveCfg = Debug|Win32
		{004FBFD6-67B1-4643-A1AD-4E2B3917FA3C}.Debug|x86.Build.0 = Debug|Win32
		{004FBFD6-67B1-4643-A1AD-4E2B3917FA3C}.Release|x64.ActiveCfg = Release|x64
		{004FBFD6-67B1-4643-A1AD-4E2B3917FA3C}.Release|x64.Build.0 = Release|x64
		{004FBFD6-67B1-4643-A1AD-4E2B3917FA3C}.Release|x86.ActiveCfg = Release|Win32
		{004FBFD6-67B1-4643-A1AD-4E2B3917FA3C}.Release|x86.Build.0 = Release|Win32
		{30925898-9CD2-4A49-88C1-743E5A28D184}.Debug|x64.ActiveCfg = Debug|x64
		{30925898-9CD2-4A49-88C1-743E5A28D184}.Debug|x64.Build.0 = Debug|x64
		{30925898-9CD2-4A49-88C1-743E5A28D184}.Debug|x86.ActiveCfg = Debug|Win32
		{30925898-9CD2-4A49-88C1-743E5A28D184}.Debug|x86.Build.0 = Debug|Win32
		{30925898-9CD2-4A49-88C1-743E5A28D184}.Release|x64.ActiveCfg = Release|x64
		{30925898-9CD2-4A49-88C1-743E5A28D184}.Release|x64.Build.0 = Release|x64
		{30925898-9CD2-4A49-88C1-743E5A28D184}.Release|x86.ActiveCfg = Release|Win32
		{30925898-9CD2-4A49-88C1-743E5A28D184}.Release|x86.Build.0 = Release|Win32
		{F7EE00F2-54E5-49FB-A419-3F85C4160422}.Debug|x64.ActiveCfg = Debug|x64
		{F7EE00F2-54E5-49FB-A419-3F85C4160422}.Debug|x64.Build.0 = Debug|x64
		{F7EE00F2-54E5-49FB-A419-3F85C4160422}.Debug|x86.ActiveCfg = Debug|Win32
		{F7EE00F2-54E5-49FB-A419-3F85C4160422}.Debug|x86.Build.0 = Debug|Win32
		{F7EE00F2-54E5-49FB-A419-3F85C4160422}.Release|x64.ActiveCfg = Release|x64
		{F7EE00F2-54E5-49FB-A419-3F85C4160422}.Release|x64.Build.0 = Release|x64
		{F7EE00F2-54E5-49FB-A419-3F85C4160422}.Release|x86.ActiveCfg = Release|Win32
		{F7EE00F2-54E5-49FB-A419-3F85C4160422}.Release|x86.Build.0 = Release|Win32
		{983E823C-9F83-409E-8C22-ED1A5ABBAF16}.Debug|x64.ActiveCfg = Debug|x64
		{983E823C-9F83-409E-8C22-ED1A5ABBAF16}.Debug|x64.Build.0 = Debug|x64
		{983E823C-9F83-409E-8C22-ED1A5ABBAF16}.Debug|x86.ActiveCfg = Debug|Win32
		{983E823C-9F83-409E-8C22-ED1A5ABBAF16}.Debug|x86.Build.0 = Debug|Win32
		{983E823C-9F83-409E-8C22-ED1A5ABBAF16}.Release|x64.ActiveCfg = Release|x64
		{983E823C-9F83-409E-8C22-ED1A5ABBAF16}.Release|x64.Build.0 = Release|x64
		{983E823C-9F83-409E-8C22-ED1A5ABBAF16}.Release|x86.ActiveCfg = Release|Win32
		{983E823C-9F83-409E-8C22-ED1A5ABBAF16}.Release|x86.Build.0 = Release|Win32
		{18950C51-0046-435D-80C5-E7061515D9E8}.Debug|x64.ActiveCfg = Debug|x64
		{18950C51-0046-435D-80C5-E7061515D9E8}.Debug|x64.Build.0 = Debug|x64
		{18950C51-0046-435D-80C5-E7061515D9E8}.Debug|x86.ActiveCfg = Debug|Win32
		{18950C51-0046-435D-80C5-E7061515D9E8}.Debug|x86.Build.0 = Debug|Win32
		{18950C51-0046-435D-80C5-E7061515D9E8}.Release|x64.ActiveCfg = Release|x64
		{18950C51-0046-435D-80C5-E7061515D9E8}.Release|x64.Build.0 = Release|x64
		{18950C51-0046-435D-80C5-E7061515D9E8}.Release|x86.ActiveCfg = Release|Win32
		{18950C51-0046-435D-80C5-E7061515D9E8}.Release|x86.Build.0 = Release|Win32
		{7BB70E29-AFDF-43DB-9B95-E427F5FD5BD3}.Debug|x64.ActiveCfg = Debug|x64
		{7BB70E29-AFDF-43DB-9B95-E427F5FD5BD3}.Debug|x64.Build.0 = Debug|x64
		{7BB70E29-AFDF-43DB-9B95-E427F5FD5BD3}.Debug|x86.ActiveCfg = Debug|Win32
		{7BB70E29-AFDF-43DB-9B95-E427F5FD5BD3}.Debug|x86.Build.0 = Debug|Win32
		{7BB70E29-AFDF-43DB-9B95-E427F5FD5BD3}.Release|x64.ActiveCfg = Release|x64
		{7BB70E29-AFDF-43DB-9B95-E427F5FD5BD3}.Release|x64.Build.0 = Release|x64
		{7BB70E29-AFDF-43DB-9B95-E427F5FD5BD3}.Release|x86.ActiveCfg = Release|Win32
		{7BB70E29-AFDF-43DB-9B95-E427F5FD5BD3}.Release|x86.Build.0 = Release|Win32
		{A857CBA9-EC76-4B0F-BE70-F974A2704419}.Debug|x64.ActiveCfg = Debug|x64
		{A857CBA9-EC76-4B0F-BE70-F974A2704419}.Debug|x64.Build.0 = Debug|x64
		{A857CBA9-EC76-4B0F-BE70-F974A2704419}.Debug|x86.ActiveCfg = Debug|Win32
		{A857CBA9-EC76-4B0F-BE70-F974A2704419}.Debug|x86.Build.0 = Debug|Win32
		{A857CBA9-EC76-4B0F-BE70-F974A2704419}.Release|x64.ActiveCfg = Release|x64
		{A857CBA9-EC76-4B0F-BE70-F974A2704419}.Release|x64.Build.0 = Release|x64
		{A857CBA9-EC76-4B0F-BE70-F974A2704419}.Release|x86.ActiveCfg = Release|Win32
		{A857CBA9-EC76-4B0F-BE70-F974A2704419}.Release|x86.Build.0 = Release|Win32
		{3EFE2F57-08DB-49DB-AEFA-EB831D5897CE}.Debug|x64.ActiveCfg = Debug|x64
		{3EFE2F57-08DB-49DB-AEFA-EB831D5897CE}.Debug|x64.Build.0 = Debug|x64
		{3EFE2F57-08DB-49DB-AEFA-EB831D5897CE}.Debug|x86.ActiveCfg = Debug|Win32
		{3EFE2F57-08DB-49DB-AEFA-EB831D5897CE}.Debug|x86.Build.0 = Debug|Win32
		{3EFE2F57-08DB-49DB-AEFA-EB831D5897CE}.Release|x64.ActiveCfg = Release|x64
		{3EFE2F57-08DB-49DB-AEFA-EB831D5897CE}.Release|x64.Build.0 = Release|x64
		{3EFE2F57-08DB-49DB-AEFA-EB831D5897CE}.Release|x86.ActiveCfg = Release|Win32
		{3EFE2F57-08DB-49DB-AEFA-EB831D5897CE}.Release|x86.Build.0 = Release|Win32
		{34110422-AA38-42D5-A9C9-68DD85F91C11}.Debug|x64.ActiveCfg = Debug|x64
		{34110422-AA38-42D5-A9C9-68DD85F91C11}.Debug|x64.Build.0 = Debug|x64
		{34110422-AA38-42D5-A9C9-68DD85F91C11}.Debug|x86.ActiveCfg = Debug|Win32
		{34110422-AA38-42D5-A9C9-68DD85F91C11}.Debug|x86.Build.0 = Debug|Win32
		{34110422-AA38-42D5-A9C9-68DD85F91C11}.Release|x64.ActiveCfg = Release|x64
		{34110422-AA38-42D5-A9C9-68DD85F91C11}.Release|x64.Build.0 = Release|x64
		{34110422-AA38-42D5-A9C9-68DD85F91C11}.Release|x86.ActiveCfg = Release|Win32
		{34110422-AA38-42D5-A9C9-68DD85F91C11}.Release|x86.Build.0 = Release|Win32
		{7977B7FC-D5CF-4667-9268-C532F208B907}.Debug|x64.ActiveCfg = Debug|x64
		{7977B7FC-D5CF-4667-9268-C532F208B907}.Debug|x64.Build.0 = Debug|x64
		{7977B7FC-D5CF-4667-9268-C532F208B907}.Debug|x86.ActiveCfg = Debug|Win32
		{7977B7FC-D5CF-4667-9268-C532F208B907}.Debug|x86.Build.0 = Debug|Win32
		{7977B7FC-D5CF-4667-9268-C532F208B907}.Release|x64.ActiveCfg = Release|x64
		{7977B7FC-D5CF-4667-9268-C532F208B907}.Release|x64.Build.0 = Release|x64
		{7977B7FC-D5CF-4667-9268-C532F208B907}.Release|x86.ActiveCfg = Release|Win32
		{7977B7FC-D5CF-4667-9268-C532F208B907}.Release|x86.Build.0 = Release|Win32
	EndGlobalSection
	GlobalSection(SolutionProperties) = preSolution
		HideSolutionNode = FALSE
	EndGlobalSection
	GlobalSection(NestedProjects) = preSolution
		{D8079285-82C7-4F8B-9F6E-411630286010} = {B443CDFD-ED6C-4BEA-A722-18FF9EED4C60}
		{248E8120-D218-4F73-BD94-5896332AF958} = {B443CDFD-ED6C-4BEA-A722-18FF9EED4C60}
		{D46699B8-E223-4B79-90D7-6B7C88068836} = {B443CDFD-ED6C-4BEA-A722-18FF9EED4C60}
		{C3ABBF8B-E33F-4AD6-9A4F-E0B54129DBDC} = {0DDC6EE6-FED7-473E-852D-020C87006F08}
		{40A4F9E6-9B2A-4CBF-A90C-4132DFE60053} = {0DDC6EE6-FED7-473E-852D-020C87006F08}
		{21708343-412C-4442-ADCE-C42F4C611CFE} = {0DDC6EE6-FED7-473E-852D-020C87006F08}
		{B682C848-DFF1-4478-83C6-7CCABF627575} = {0DDC6EE6-FED7-473E-852D-020C87006F08}
		{8BFED743-C259-4419-9EAD-A877A4AFE12B} = {36E862AC-C19A-4A6A-AC78-C4ABE5BDA37B}
		{AF21BBF3-8302-4AF9-8D75-817717979488} = {36E862AC-C19A-4A6A-AC78-C4ABE5BDA37B}
		{734637BE-AEB1-42E7-829D-359D0F1FD98B} = {36E862AC-C19A-4A6A-AC78-C4ABE5BDA37B}
		{4E49AD2A-344A-4599-AE54-B55A811457A2} = {36E862AC-C19A-4A6A-AC78-C4ABE5BDA37B}
		{8B0CCDF0-9C2B-4074-9706-4F26D91E22F7} = {36E862AC-C19A-4A6A-AC78-C4ABE5BDA37B}
		{AE7D336D-DB28-42BA-BC5F-D7BE23CAAF50} = {36E862AC-C19A-4A6A-AC78-C4ABE5BDA37B}
		{11F66551-A235-4362-9455-261FF32EA603} = {29FD9505-7017-4A21-A483-A72C0D511464}
		{16D93AD8-524D-4698-B350-C55D56DC0296} = {29FD9505-7017-4A21-A483-A72C0D511464}
		{7962354D-4F54-4DE8-B78D-F6182DE125BD} = {29FD9505-7017-4A21-A483-A72C0D511464}
		{BA70CC1C-E9FC-4E32-8D39-33FB0A095023} = {288DA74D-AC39-4FE3-BD8C-2AEAF3894F04}
		{B06ED250-5E89-4144-BD0A-E2A47E781D92} = {288DA74D-AC39-4FE3-BD8C-2AEAF3894F04}
		{C5679884-6AB3-4BBC-AB2E-081A5933E9EB} = {288DA74D-AC39-4FE3-BD8C-2AEAF3894F04}
		{D9EDA0B5-2F24-44FC-8958-3C90F0A3ADD9} = {288DA74D-AC39-4FE3-BD8C-2AEAF3894F04}
		{E89A00FF-4861-4C4F-9BC5-D2BF4DBA15AB} = {288DA74D-AC39-4FE3-BD8C-2AEAF3894F04}
		{8B52105B-C6AF-4709-AA01-09E6BBF6A715} = {288DA74D-AC39-4FE3-BD8C-2AEAF3894F04}
		{7C952C32-E58A-40DE-9F78-CF8504BE8D86} = {288DA74D-AC39-4FE3-BD8C-2AEAF3894F04}
		{CB3F8696-2458-45BB-AE08-38B30907BC39} = {288DA74D-AC39-4FE3-BD8C-2AEAF3894F04}
		{95D19068-D04A-4ABC-B6D6-E88B96E3D328} = {288DA74D-AC39-4FE3-BD8C-2AEAF3894F04}
		{26D43D66-173B-4CDD-AAD8-C9494D0EE5AD} = {B178EE07-C482-41AF-8EA5-E6CAF0F2B996}
		{004FBFD6-67B1-4643-A1AD-4E2B3917FA3C} = {B178EE07-C482-41AF-8EA5-E6CAF0F2B996}
		{30925898-9CD2-4A49-88C1-743E5A28D184} = {B178EE07-C482-41AF-8EA5-E6CAF0F2B996}
		{F7EE00F2-54E5-49FB-A419-3F85C4160422} = {B178EE07-C482-41AF-8EA5-E6CAF0F2B996}
		{983E823C-9F83-409E-8C22-ED1A5ABBAF16} = {B178EE07-C482-41AF-8EA5-E6CAF0F2B996}
		{18950C51-0046-435D-80C5-E7061515D9E8} = {B178EE07-C482-41AF-8EA5-E6CAF0F2B996}
		{7BB70E29-AFDF-43DB-9B95-E427F5FD5BD3} = {B178EE07-C482-41AF-8EA5-E6CAF0F2B996}
		{A857CBA9-EC76-4B0F-BE70-F974A2704419} = {B178EE07-C482-41AF-8EA5-E6CAF0F2B996}
		{3EFE2F57-08DB-49DB-AEFA-EB831D5897CE} = {C808BC97-6A40-4ECC-A18A-F6F4DFF8EB98}
		{34110422-AA38-42D5-A9C9-68DD85F91C11} = {C808BC97-6A40-4ECC-A18A-F6F4DFF8EB98}
		{7977B7FC-D5CF-4667-9268-C532F208B907} = {C808BC97-6A40-4ECC-A18A-F6F4DFF8EB98}
	EndGlobalSection
	GlobalSection(ExtensibilityGlobals) = postSolution
		SolutionGuid = {766BF4DF-792B-4575-A498-E0D0E7CE2C41}
	EndGlobalSection
EndGlobal
